
Microsoft Visual Studio Solution File, Format Version 12.00
# Visual Studio Version 16
VisualStudioVersion = 16.0.32126.315
MinimumVisualStudioVersion = 10.0.40219.1
Project("{FAE04EC0-301F-11D3-BF4B-00C04F79EFBC}") = "demo1", "demo1\demo1.csproj", "{10A34396-F1B5-43FE-B369-5C2FA60CBE1D}"
EndProject
Global
	GlobalSection(SolutionConfigurationPlatforms) = preSolution
		Debug|Any CPU = Debug|Any CPU
		Release|Any CPU = Release|Any CPU
	EndGlobalSection
	GlobalSection(ProjectConfigurationPlatforms) = postSolution
		{10A34396-F1B5-43FE-B369-5C2FA60CBE1D}.Debug|Any CPU.ActiveCfg = Debug|Any CPU
		{10A34396-F1B5-43FE-B369-5C2FA60CBE1D}.Debug|Any CPU.Build.0 = Debug|Any CPU
		{10A34396-F1B5-43FE-B369-5C2FA60CBE1D}.Release|Any CPU.ActiveCfg = Release|Any CPU
		{10A34396-F1B5-43FE-B369-5C2FA60CBE1D}.Release|Any CPU.Build.0 = Release|Any CPU
	EndGlobalSection
	GlobalSection(SolutionProperties) = preSolution
		HideSolutionNode = FALSE
	EndGlobalSection
	GlobalSection(ExtensibilityGlobals) = postSolution
		SolutionGuid = {5E1E90D9-E1CE-42D5-BD74-3D2AD734F7A0}
	EndGlobalSection
EndGlobal
